github.com/boltdb/bolt v1.3.1 h1:JQmyP4ZBrce+ZQu0dY660FMfatumYDLun9hBCUVIkF4=
github.com/boltdb/bolt v1.3.1/go.mod h1:clJnj/oiGkjum5o1McbSZDSLxVThjynRyGBgiAx27Ps=
github.com/edsrzf/mmap-go v1.1.0 h1:6EUwBLQ/Mcr1EYLE4Tn1VdW1A4ckqCQWZBw8Hr0kjpQ=
github.com/edsrzf/mmap-go v1.1.0/go.mod h1:19H/e8pUPLicwkyNgOykDXkJ9F0MHE+Z52B8EIth78Q=
github.com/fatih/color v1.17.0 h1:GlRw1BRJxkpqUCBKzKOw098ed57fEsKeNjpTe3cSjK4=
github.com/fatih/color v1.17.0/go.mod h1:YZ7TlrGPkiz6ku9fK3TLD/pl3CpsiFyu8N92HLgmosI=
github.com/itsmontoya/mappedslice v0.6.0 h1:M+5seLZmVHtDCNm7QeetiADMFMbjC/wXoeCoCZ7tbXY=
github.com/itsmontoya/mappedslice v0.6.0/go.mod h1:gVcRHLk7IJVQRKpcKCv+uIoYJhq/QPLofdWQmbJgn+I=
github.com/itsmontoya/rbt v0.0.0-20180307042207-433887c0c4cd h1:WTLEw+CRQ+KzwuEI1vEUtsc5liPXHguN0tGRdtxUsoo=
github.com/itsmontoya/rbt v0.0.0-20180307042207-433887c0c4cd/go.mod h1:OroWMfcxmD3lrNsB5LT4WwuyaO9ZDgLVN99Ao7IItOU=
github.com/mattn/go-colorable v0.1.13 h1:fFA4WZxdEF4tXPZVKMLwD8oUnCTTo08duU7wxecdEvA=
github.com/mattn/go-colorable v0.1.13/go.mod h1:7S9/ev0klgBDR4GtXTXX8a3vIGJpMovkB8vQcUbaXHg=
github.com/mattn/go-isatty v0.0.16/go.mod h1:kYGgaQfpe5nmfYZH+SKPsOc2e4SrIfOl2e/yFXSvRLM=
github.com/mattn/go-isatty v0.0.20 h1:xfD0iDuEKnDkl03q4limB+vH+GxLEtL/jb4xVJSWWEY=
github.com/mattn/go-isatty v0.0.20/go.mod h1:W+V8PltTTMOvKvAeJH7IuucS94S2C6jfK/D7dTCTo3Y=
github.com/missionMeteora/journaler v0.0.0-20170330173229-ac561671e66f h1:Dr3tl9cnxtBir8NTL8D2SE3+uU9ikELfA06QuROXh70=
github.com/missionMeteora/journaler v0.0.0-20170330173229-ac561671e66f/go.mod h1:0vElUr8ZeUZrVbOxFNNoWSeU6oFfKsmMo3t+St8HAC0=
github.com/missionMeteora/toolkit v0.0.0-20170713173850-88364e3ef8cc h1:/oFlKiuu6L1sIvZ7A363qMhNM+DUQL5WsVe1xIRQnFU=
github.com/missionMeteora/toolkit v0.0.0-20170713173850-88364e3ef8cc/go.mod h1:AtX+JBtXbQ+taj82QFzCSgN5EzM4Bi0YRyS+TVbjENs=
golang.org/x/sys v0.0.0-20211216021012-1d35b9e2eb4e h1:fLOSk5Q00efkSvAm+4xcoXD+RRmLmmulPn5I3Y9F2EM=
golang.org/x/sys v0.0.0-20211216021012-1d35b9e2eb4e/go.mod h1:oPkhp1MJrh7nUepCBck5+mAzfO9JrbApNNgaTdGDITg=
golang.org/x/sys v0.0.0-20220811171246-fbc7d0a398ab/go.mod h1:oPkhp1MJrh7nUepCBck5+mAzfO9JrbApNNgaTdGDITg=
golang.org/x/sys v0.6.0/go.mod h1:oPkhp1MJrh7nUepCBck5+mAzfO9JrbApNNgaTdGDITg=
golang.org/x/sys v0.18.0 h1:DBdB3niSjOA/O0blCZBqDefyWNYveAYMNF1Wum0DYQ4=
golang.org/x/sys v0.18.0/go.mod h1:/VUhepiaJMQUp4+oa/7Zr1D23ma6VTLIYjOOTFZPUcA=
